
Microsoft Visual Studio Solution File, Format Version 12.00
# Visual Studio Version 16
VisualStudioVersion = 16.0.29709.97
MinimumVisualStudioVersion = 10.0.40219.1
Project("{FAE04EC0-301F-11D3-BF4B-00C04F79EFBC}") = "bankmanagementmainapplication", "bankmanagementmainapplication.csproj", "{71D358EF-8487-48EA-B40F-210027B9BFFC}"
EndProject
Global
	GlobalSection(SolutionConfigurationPlatforms) = preSolution
		Debug|Any CPU = Debug|Any CPU
		Release|Any CPU = Release|Any CPU
	EndGlobalSection
	GlobalSection(ProjectConfigurationPlatforms) = postSolution
		{71D358EF-8487-48EA-B40F-210027B9BFFC}.Debug|Any CPU.ActiveCfg = Debug|Any CPU
		{71D358EF-8487-48EA-B40F-210027B9BFFC}.Debug|Any CPU.Build.0 = Debug|Any CPU
		{71D358EF-8487-48EA-B40F-210027B9BFFC}.Release|Any CPU.ActiveCfg = Release|Any CPU
		{71D358EF-8487-48EA-B40F-210027B9BFFC}.Release|Any CPU.Build.0 = Release|Any CPU
	EndGlobalSection
	GlobalSection(SolutionProperties) = preSolution
		HideSolutionNode = FALSE
	EndGlobalSection
	GlobalSection(ExtensibilityGlobals) = postSolution
		SolutionGuid = {6E30F024-0C2A-40B5-B16A-F885EDB98FD6}
	EndGlobalSection
EndGlobal
